
Microsoft Visual Studio Solution File, Format Version 12.00
# Visual Studio Version 16
VisualStudioVersion = 16.0.29209.62
MinimumVisualStudioVersion = 10.0.40219.1
Project("{8BC9CEB8-8B4A-11D0-8D11-00A0C91BC942}") = "practice", "practice.vcxproj", "{93EE3FC4-C104-4690-B133-244F412AF3B1}"
EndProject
Global
	GlobalSection(SolutionConfigurationPlatforms) = preSolution
		Debug|x64 = Debug|x64
		Debug|x86 = Debug|x86
		Release|x64 = Release|x64
		Release|x86 = Release|x86
	EndGlobalSection
	GlobalSection(ProjectConfigurationPlatforms) = postSolution
		{93EE3FC4-C104-4690-B133-244F412AF3B1}.Debug|x64.ActiveCfg = Debug|x64
		{93EE3FC4-C104-4690-B133-244F412AF3B1}.Debug|x64.Build.0 = Debug|x64
		{93EE3FC4-C104-4690-B133-244F412AF3B1}.Debug|x86.ActiveCfg = Debug|Win32
		{93EE3FC4-C104-4690-B133-244F412AF3B1}.Debug|x86.Build.0 = Debug|Win32
		{93EE3FC4-C104-4690-B133-244F412AF3B1}.Release|x64.ActiveCfg = Release|x64
		{93EE3FC4-C104-4690-B133-244F412AF3B1}.Release|x64.Build.0 = Release|x64
		{93EE3FC4-C104-4690-B133-244F412AF3B1}.Release|x86.ActiveCfg = Release|Win32
		{93EE3FC4-C104-4690-B133-244F412AF3B1}.Release|x86.Build.0 = Release|Win32
	EndGlobalSection
	GlobalSection(SolutionProperties) = preSolution
		HideSolutionNode = FALSE
	EndGlobalSection
	GlobalSection(ExtensibilityGlobals) = postSolution
		SolutionGuid = {D3E595E3-FEAD-4E53-BD64-F83F430FF3C8}
	EndGlobalSection
EndGlobal
